
Microsoft Visual Studio Solution File, Format Version 12.00
# Visual Studio Version 17
VisualStudioVersion = 17.1.32210.238
MinimumVisualStudioVersion = 10.0.40219.1
Project("{FAE04EC0-301F-11D3-BF4B-00C04F79EFBC}") = "alchemy", "alchemy\alchemy.csproj", "{68D847AD-7AF0-439F-80FC-986152E4FBBA}"
EndProject
Global
	GlobalSection(SolutionConfigurationPlatforms) = preSolution
		Debug|Any CPU = Debug|Any CPU
		Release|Any CPU = Release|Any CPU
	EndGlobalSection
	GlobalSection(ProjectConfigurationPlatforms) = postSolution
		{68D847AD-7AF0-439F-80FC-986152E4FBBA}.Debug|Any CPU.ActiveCfg = Debug|Any CPU
		{68D847AD-7AF0-439F-80FC-986152E4FBBA}.Debug|Any CPU.Build.0 = Debug|Any CPU
		{68D847AD-7AF0-439F-80FC-986152E4FBBA}.Release|Any CPU.ActiveCfg = Release|Any CPU
		{68D847AD-7AF0-439F-80FC-986152E4FBBA}.Release|Any CPU.Build.0 = Release|Any CPU
	EndGlobalSection
	GlobalSection(SolutionProperties) = preSolution
		HideSolutionNode = FALSE
	EndGlobalSection
	GlobalSection(ExtensibilityGlobals) = postSolution
		SolutionGuid = {EC91EA51-464F-4A39-80DE-A3E3BB404610}
	EndGlobalSection
EndGlobal
